<?xml version="1.0" encoding="UTF-8" standalone="yes" ?>
<CodeBlocks_project_file>
	<FileVersion major="1" minor="6" />
	<Project>
		<Option title="sudoku" />
		<Option pch_mode="2" />
		<Option compiler="gcc" />
		<Build>
			<Target title="Debug">
				<Option output="bin/Debug/sudoku" prefix_auto="1" extension_auto="1" />
				<Option object_output="obj/Debug/" />
				<Option type="1" />
				<Option compiler="gcc" />
				<Compiler>
					<Add option="-g" />
					<Add directory="include" />
				</Compiler>
			</Target>
			<Target title="Release">
				<Option output="bin/Release/sudoku" prefix_auto="1" extension_auto="1" />
				<Option object_output="obj/Release/" />
				<Option type="1" />
				<Option compiler="gcc" />
				<Compiler>
					<Add option="-O2" />
					<Add directory="include" />
				</Compiler>
				<Linker>
					<Add option="-s" />
				</Linker>
			</Target>
		</Build>
		<Compiler>
			<Add option="-Wall" />
			<Add option="-fexceptions" />
		</Compiler>
		<Unit filename="automatique.cpp" />
		<Unit filename="automatique.h" />
		<Unit filename="generateur.h" />
		<Unit filename="gerer.cpp" />
		<Unit filename="gerer.h" />
		<Unit filename="grille.cpp" />
		<Unit filename="grille.h" />
		<Unit filename="homme.cpp" />
		<Unit filename="homme.h" />
		<Unit filename="include/joueur.h" />
		<Unit filename="joueur.h" />
		<Unit filename="machine.cpp" />
		<Unit filename="machine.h" />
		<Unit filename="machine1.cpp" />
		<Unit filename="machine1.h" />
		<Unit filename="machine2.cpp" />
		<Unit filename="machine2.h" />
		<Unit filename="machine3.cpp" />
		<Unit filename="machine3.h" />
		<Unit filename="machine4.cpp" />
		<Unit filename="machine4.h" />
		<Unit filename="main.cpp" />
		<Unit filename="manuel.cpp" />
		<Unit filename="manuel.h" />
		<Unit filename="src/joueur.cpp" />
		<Extensions>
			<code_completion />
			<envvars />
			<debugger />
			<lib_finder disable_auto="1" />
		</Extensions>
	</Project>
</CodeBlocks_project_file>
